
Microsoft Visual Studio Solution File, Format Version 12.00
# Visual Studio Version 17
VisualStudioVersion = 17.0.32112.339
MinimumVisualStudioVersion = 10.0.40219.1
Project("{FAE04EC0-301F-11D3-BF4B-00C04F79EFBC}") = "Stacks_Queues", "Stacks_Queues.csproj", "{4221EF21-60E5-4221-A232-0F11EA92FB8F}"
EndProject
Global
	GlobalSection(SolutionConfigurationPlatforms) = preSolution
		Debug|Any CPU = Debug|Any CPU
		Release|Any CPU = Release|Any CPU
	EndGlobalSection
	GlobalSection(ProjectConfigurationPlatforms) = postSolution
		{4221EF21-60E5-4221-A232-0F11EA92FB8F}.Debug|Any CPU.ActiveCfg = Debug|Any CPU
		{4221EF21-60E5-4221-A232-0F11EA92FB8F}.Debug|Any CPU.Build.0 = Debug|Any CPU
		{4221EF21-60E5-4221-A232-0F11EA92FB8F}.Release|Any CPU.ActiveCfg = Release|Any CPU
		{4221EF21-60E5-4221-A232-0F11EA92FB8F}.Release|Any CPU.Build.0 = Release|Any CPU
	EndGlobalSection
	GlobalSection(SolutionProperties) = preSolution
		HideSolutionNode = FALSE
	EndGlobalSection
	GlobalSection(ExtensibilityGlobals) = postSolution
		SolutionGuid = {DC1FFBBB-84A1-4979-8FD0-7AFC09348237}
	EndGlobalSection
EndGlobal
